# This file is automatically @generated by Cargo.
# It is not intended for manual editing.
version = 4

[[package]]
name = "char_recognition"
version = "0.1.0"
dependencies = [
 "q-recognizer",
]

[[package]]
name = "q-recognizer"
version = "0.1.1"
source = "registry+https://github.com/rust-lang/crates.io-index"
checksum = "40af8cee5e676d200dc1f6ca6aa14d9ebd92cdfd64e3440302bf3a39d5eb1c9c"
